
Microsoft Visual Studio Solution File, Format Version 12.00
# Visual Studio Version 17
VisualStudioVersion = 17.4.33205.214
MinimumVisualStudioVersion = 10.0.40219.1
Project("{FAE04EC0-301F-11D3-BF4B-00C04F79EFBC}") = "Discord Webhook Sender", "Discord Webhook Sender.csproj", "{5CEA230E-6E70-4DC7-A155-C68E7F2D5598}"
EndProject
Project("{54435603-DBB4-11D2-8724-00A0C9A8B90C}") = "Installer", "..\Installer\Installer.vdproj", "{3B6950C7-B07D-40D2-A076-BDC47C078F30}"
EndProject
Global
	GlobalSection(SolutionConfigurationPlatforms) = preSolution
		Debug|Any CPU = Debug|Any CPU
		Release|Any CPU = Release|Any CPU
	EndGlobalSection
	GlobalSection(ProjectConfigurationPlatforms) = postSolution
		{5CEA230E-6E70-4DC7-A155-C68E7F2D5598}.Debug|Any CPU.ActiveCfg = Release|Any CPU
		{5CEA230E-6E70-4DC7-A155-C68E7F2D5598}.Debug|Any CPU.Build.0 = Release|Any CPU
		{5CEA230E-6E70-4DC7-A155-C68E7F2D5598}.Release|Any CPU.ActiveCfg = Release|Any CPU
		{5CEA230E-6E70-4DC7-A155-C68E7F2D5598}.Release|Any CPU.Build.0 = Release|Any CPU
		{3B6950C7-B07D-40D2-A076-BDC47C078F30}.Debug|Any CPU.ActiveCfg = Debug
		{3B6950C7-B07D-40D2-A076-BDC47C078F30}.Release|Any CPU.ActiveCfg = Release
	EndGlobalSection
	GlobalSection(SolutionProperties) = preSolution
		HideSolutionNode = FALSE
	EndGlobalSection
	GlobalSection(ExtensibilityGlobals) = postSolution
		SolutionGuid = {3B2E34FD-E04D-4456-98D8-90957BD9F750}
	EndGlobalSection
EndGlobal
